{
    "_readme": [
        "This file locks the dependencies of your project to a known state",
        "Read more about it at https://getcomposer.org/doc/01-basic-usage.md#composer-lock-the-lock-file",
        "This file is @generated automatically"
    ],
    "hash": "993be3ca7a9c85b06104d9e10370042a",
    "content-hash": "97b768a0d4b8ea048fddb8a9bdb86aab",
    "packages": [
        {
            "name": "yetanotherape/diff-match-patch",
            "version": "v1.0.0",
            "source": {
                "type": "git",
                "url": "https://github.com/yetanotherape/diff-match-patch.git",
                "reference": "8096755ec6592b154ceb2b577577477ce69aadb4"
            },
            "dist": {
                "type": "zip",
                "url": "https://api.github.com/repos/yetanotherape/diff-match-patch/zipball/8096755ec6592b154ceb2b577577477ce69aadb4",
                "reference": "8096755ec6592b154ceb2b577577477ce69aadb4",
                "shasum": ""
            },
            "require": {
                "ext-mbstring": "*",
                "lib-iconv": "*",
                "php": ">=5.3"
            },
            "require-dev": {
                "phpunit/phpunit": "3.7.*"
            },
            "type": "library",
            "autoload": {
                "psr-0": {
                    "DiffMatchPatch": "src/"
                }
            },
            "notification-url": "https://packagist.org/downloads/",
            "license": [
                "Apache-2.0"
            ],
            "authors": [
                {
                    "name": "Daniil Skrobov",
                    "email": "yetanotherape@gmail.com"
                },
                {
                    "name": "Neil Fraser",
                    "email": "fraser@google.com",
                    "homepage": "http://neil.fraser.name/"
                }
            ],
            "description": "Port of the google-diff-match-patch (https://code.google.com/p/google-diff-match-patch/) lib to PHP",
            "homepage": "https://code.google.com/p/google-diff-match-patch/",
            "keywords": [
                "Fuzzy search",
                "Match",
                "diff",
                "patch"
            ],
            "time": "2014-11-24 06:47:22"
        }
    ],
    "packages-dev": [],
    "aliases": [],
    "minimum-stability": "stable",
    "stability-flags": [],
    "prefer-stable": false,
    "prefer-lowest": false,
    "platform": [],
    "platform-dev": []
}
